// !$*UTF8*$!
{
	archiveVersion = 1;
	classes = {
	};
	objectVersion = 56;
	objects = {

/* Begin PBXBuildFile section */
		BC00229D2C7BC8680082954E /* ScreenNoteList.swift in Sources */ = {isa = PBXBuildFile; fileRef = BC00229C2C7BC8680082954E /* ScreenNoteList.swift */; };
		BC00229F2C7BC8A20082954E /* ViewModelNoteList.swift in Sources */ = {isa = PBXBuildFile; fileRef = BC00229E2C7BC8A20082954E /* ViewModelNoteList.swift */; };
		BC0022A32C7BD37B0082954E /* NoteTextFieldState.swift in Sources */ = {isa = PBXBuildFile; fileRef = BC0022A22C7BD37B0082954E /* NoteTextFieldState.swift */; };
		BC0022A52C7BD4440082954E /* ViewModelAddEditNote.swift in Sources */ = {isa = PBXBuildFile; fileRef = BC0022A42C7BD4440082954E /* ViewModelAddEditNote.swift */; };
		BC0022A72C7BD58B0082954E /* ScreenAddEditNote.swift in Sources */ = {isa = PBXBuildFile; fileRef = BC0022A62C7BD58B0082954E /* ScreenAddEditNote.swift */; };
		BC2E79182C7A820500020CC0 /* StateNoteList.swift in Sources */ = {isa = PBXBuildFile; fileRef = BC2E79172C7A820500020CC0 /* StateNoteList.swift */; };
		BC2E791C2C7A833E00020CC0 /* Note.swift in Sources */ = {isa = PBXBuildFile; fileRef = BC2E791B2C7A833E00020CC0 /* Note.swift */; };
		BC2E791F2C7A849000020CC0 /* OrderType.swift in Sources */ = {isa = PBXBuildFile; fileRef = BC2E791E2C7A849000020CC0 /* OrderType.swift */; };
		BC2E79212C7A85B200020CC0 /* NoteOrder.swift in Sources */ = {isa = PBXBuildFile; fileRef = BC2E79202C7A85B200020CC0 /* NoteOrder.swift */; };
		BC2E79242C7A865B00020CC0 /* OrderSection.swift in Sources */ = {isa = PBXBuildFile; fileRef = BC2E79232C7A865B00020CC0 /* OrderSection.swift */; };
		BC2E79262C7A86D700020CC0 /* RadioButton.swift in Sources */ = {isa = PBXBuildFile; fileRef = BC2E79252C7A86D700020CC0 /* RadioButton.swift */; };
		BC2E79282C7A8BCA00020CC0 /* NoteItem.swift in Sources */ = {isa = PBXBuildFile; fileRef = BC2E79272C7A8BCA00020CC0 /* NoteItem.swift */; };
		BCB25B062C793E2900694F0D /* NoteApp_iosApp.swift in Sources */ = {isa = PBXBuildFile; fileRef = BCB25B052C793E2900694F0D /* NoteApp_iosApp.swift */; };
		BCB25B082C793E2900694F0D /* ContentView.swift in Sources */ = {isa = PBXBuildFile; fileRef = BCB25B072C793E2900694F0D /* ContentView.swift */; };
		BCB25B0A2C793E2A00694F0D /* Assets.xcassets in Resources */ = {isa = PBXBuildFile; fileRef = BCB25B092C793E2A00694F0D /* Assets.xcassets */; };
		BCB25B0D2C793E2A00694F0D /* Preview Assets.xcassets in Resources */ = {isa = PBXBuildFile; fileRef = BCB25B0C2C793E2A00694F0D /* Preview Assets.xcassets */; };
		BCBB2FA22C7E691400406F9E /* ColorModel.swift in Sources */ = {isa = PBXBuildFile; fileRef = BCBB2FA12C7E691400406F9E /* ColorModel.swift */; };
/* End PBXBuildFile section */

/* Begin PBXFileReference section */
		BC00229C2C7BC8680082954E /* ScreenNoteList.swift */ = {isa = PBXFileReference; lastKnownFileType = sourcecode.swift; path = ScreenNoteList.swift; sourceTree = "<group>"; };
		BC00229E2C7BC8A20082954E /* ViewModelNoteList.swift */ = {isa = PBXFileReference; lastKnownFileType = sourcecode.swift; path = ViewModelNoteList.swift; sourceTree = "<group>"; };
		BC0022A22C7BD37B0082954E /* NoteTextFieldState.swift */ = {isa = PBXFileReference; lastKnownFileType = sourcecode.swift; path = NoteTextFieldState.swift; sourceTree = "<group>"; };
		BC0022A42C7BD4440082954E /* ViewModelAddEditNote.swift */ = {isa = PBXFileReference; lastKnownFileType = sourcecode.swift; path = ViewModelAddEditNote.swift; sourceTree = "<group>"; };
		BC0022A62C7BD58B0082954E /* ScreenAddEditNote.swift */ = {isa = PBXFileReference; lastKnownFileType = sourcecode.swift; path = ScreenAddEditNote.swift; sourceTree = "<group>"; };
		BC2E79172C7A820500020CC0 /* StateNoteList.swift */ = {isa = PBXFileReference; lastKnownFileType = sourcecode.swift; path = StateNoteList.swift; sourceTree = "<group>"; };
		BC2E791B2C7A833E00020CC0 /* Note.swift */ = {isa = PBXFileReference; lastKnownFileType = sourcecode.swift; path = Note.swift; sourceTree = "<group>"; };
		BC2E791E2C7A849000020CC0 /* OrderType.swift */ = {isa = PBXFileReference; lastKnownFileType = sourcecode.swift; path = OrderType.swift; sourceTree = "<group>"; };
		BC2E79202C7A85B200020CC0 /* NoteOrder.swift */ = {isa = PBXFileReference; lastKnownFileType = sourcecode.swift; path = NoteOrder.swift; sourceTree = "<group>"; };
		BC2E79232C7A865B00020CC0 /* OrderSection.swift */ = {isa = PBXFileReference; lastKnownFileType = sourcecode.swift; path = OrderSection.swift; sourceTree = "<group>"; };
		BC2E79252C7A86D700020CC0 /* RadioButton.swift */ = {isa = PBXFileReference; lastKnownFileType = sourcecode.swift; path = RadioButton.swift; sourceTree = "<group>"; };
		BC2E79272C7A8BCA00020CC0 /* NoteItem.swift */ = {isa = PBXFileReference; lastKnownFileType = sourcecode.swift; path = NoteItem.swift; sourceTree = "<group>"; };
		BCB25B022C793E2900694F0D /* NoteApp.ios.app */ = {isa = PBXFileReference; explicitFileType = wrapper.application; includeInIndex = 0; path = NoteApp.ios.app; sourceTree = BUILT_PRODUCTS_DIR; };
		BCB25B052C793E2900694F0D /* NoteApp_iosApp.swift */ = {isa = PBXFileReference; lastKnownFileType = sourcecode.swift; path = NoteApp_iosApp.swift; sourceTree = "<group>"; };
		BCB25B072C793E2900694F0D /* ContentView.swift */ = {isa = PBXFileReference; lastKnownFileType = sourcecode.swift; path = ContentView.swift; sourceTree = "<group>"; };
		BCB25B092C793E2A00694F0D /* Assets.xcassets */ = {isa = PBXFileReference; lastKnownFileType = folder.assetcatalog; path = Assets.xcassets; sourceTree = "<group>"; };
		BCB25B0C2C793E2A00694F0D /* Preview Assets.xcassets */ = {isa = PBXFileReference; lastKnownFileType = folder.assetcatalog; path = "Preview Assets.xcassets"; sourceTree = "<group>"; };
		BCBB2FA12C7E691400406F9E /* ColorModel.swift */ = {isa = PBXFileReference; lastKnownFileType = sourcecode.swift; path = ColorModel.swift; sourceTree = "<group>"; };
/* End PBXFileReference section */

/* Begin PBXFrameworksBuildPhase section */
		BCB25AFF2C793E2900694F0D /* Frameworks */ = {
			isa = PBXFrameworksBuildPhase;
			buildActionMask = 2147483647;
			files = (
			);
			runOnlyForDeploymentPostprocessing = 0;
		};
/* End PBXFrameworksBuildPhase section */

/* Begin PBXGroup section */
		BC0022A02C7BD3550082954E /* add_edit_note */ = {
			isa = PBXGroup;
			children = (
				BC0022A12C7BD3660082954E /* components */,
				BC0022A22C7BD37B0082954E /* NoteTextFieldState.swift */,
				BC0022A42C7BD4440082954E /* ViewModelAddEditNote.swift */,
				BC0022A62C7BD58B0082954E /* ScreenAddEditNote.swift */,
			);
			path = add_edit_note;
			sourceTree = "<group>";
		};
		BC0022A12C7BD3660082954E /* components */ = {
			isa = PBXGroup;
			children = (
			);
			path = components;
			sourceTree = "<group>";
		};
		BC2E79152C7A815000020CC0 /* presentation */ = {
			isa = PBXGroup;
			children = (
				BC0022A02C7BD3550082954E /* add_edit_note */,
				BC2E79162C7A815B00020CC0 /* note_list */,
			);
			path = presentation;
			sourceTree = "<group>";
		};
		BC2E79162C7A815B00020CC0 /* note_list */ = {
			isa = PBXGroup;
			children = (
				BC2E79222C7A864900020CC0 /* components */,
				BC2E79172C7A820500020CC0 /* StateNoteList.swift */,
				BC00229C2C7BC8680082954E /* ScreenNoteList.swift */,
				BC00229E2C7BC8A20082954E /* ViewModelNoteList.swift */,
			);
			path = note_list;
			sourceTree = "<group>";
		};
		BC2E79192C7A823200020CC0 /* domain */ = {
			isa = PBXGroup;
			children = (
				BC2E791D2C7A848200020CC0 /* utils */,
				BC2E791A2C7A823A00020CC0 /* model */,
			);
			path = domain;
			sourceTree = "<group>";
		};
		BC2E791A2C7A823A00020CC0 /* model */ = {
			isa = PBXGroup;
			children = (
				BC2E791B2C7A833E00020CC0 /* Note.swift */,
				BCBB2FA12C7E691400406F9E /* ColorModel.swift */,
			);
			path = model;
			sourceTree = "<group>";
		};
		BC2E791D2C7A848200020CC0 /* utils */ = {
			isa = PBXGroup;
			children = (
				BC2E791E2C7A849000020CC0 /* OrderType.swift */,
				BC2E79202C7A85B200020CC0 /* NoteOrder.swift */,
			);
			path = utils;
			sourceTree = "<group>";
		};
		BC2E79222C7A864900020CC0 /* components */ = {
			isa = PBXGroup;
			children = (
				BC2E79232C7A865B00020CC0 /* OrderSection.swift */,
				BC2E79252C7A86D700020CC0 /* RadioButton.swift */,
				BC2E79272C7A8BCA00020CC0 /* NoteItem.swift */,
			);
			path = components;
			sourceTree = "<group>";
		};
		BCB25AF92C793E2900694F0D = {
			isa = PBXGroup;
			children = (
				BCB25B042C793E2900694F0D /* NoteApp.ios */,
				BCB25B032C793E2900694F0D /* Products */,
			);
			sourceTree = "<group>";
		};
		BCB25B032C793E2900694F0D /* Products */ = {
			isa = PBXGroup;
			children = (
				BCB25B022C793E2900694F0D /* NoteApp.ios.app */,
			);
			name = Products;
			sourceTree = "<group>";
		};
		BCB25B042C793E2900694F0D /* NoteApp.ios */ = {
			isa = PBXGroup;
			children = (
				BC2E79192C7A823200020CC0 /* domain */,
				BC2E79152C7A815000020CC0 /* presentation */,
				BCB25B072C793E2900694F0D /* ContentView.swift */,
				BCB25B052C793E2900694F0D /* NoteApp_iosApp.swift */,
				BCB25B092C793E2A00694F0D /* Assets.xcassets */,
				BCB25B0B2C793E2A00694F0D /* Preview Content */,
			);
			path = NoteApp.ios;
			sourceTree = "<group>";
		};
		BCB25B0B2C793E2A00694F0D /* Preview Content */ = {
			isa = PBXGroup;
			children = (
				BCB25B0C2C793E2A00694F0D /* Preview Assets.xcassets */,
			);
			path = "Preview Content";
			sourceTree = "<group>";
		};
/* End PBXGroup section */

/* Begin PBXNativeTarget section */
		BCB25B012C793E2900694F0D /* NoteApp.ios */ = {
			isa = PBXNativeTarget;
			buildConfigurationList = BCB25B102C793E2A00694F0D /* Build configuration list for PBXNativeTarget "NoteApp.ios" */;
			buildPhases = (
				BCB25AFE2C793E2900694F0D /* Sources */,
				BCB25AFF2C793E2900694F0D /* Frameworks */,
				BCB25B002C793E2900694F0D /* Resources */,
			);
			buildRules = (
			);
			dependencies = (
			);
			name = NoteApp.ios;
			productName = NoteApp.ios;
			productReference = BCB25B022C793E2900694F0D /* NoteApp.ios.app */;
			productType = "com.apple.product-type.application";
		};
/* End PBXNativeTarget section */

/* Begin PBXProject section */
		BCB25AFA2C793E2900694F0D /* Project object */ = {
			isa = PBXProject;
			attributes = {
				BuildIndependentTargetsInParallel = 1;
				LastSwiftUpdateCheck = 1540;
				LastUpgradeCheck = 1540;
				TargetAttributes = {
					BCB25B012C793E2900694F0D = {
						CreatedOnToolsVersion = 15.4;
					};
				};
			};
			buildConfigurationList = BCB25AFD2C793E2900694F0D /* Build configuration list for PBXProject "NoteApp.ios" */;
			compatibilityVersion = "Xcode 14.0";
			developmentRegion = en;
			hasScannedForEncodings = 0;
			knownRegions = (
				en,
				Base,
			);
			mainGroup = BCB25AF92C793E2900694F0D;
			productRefGroup = BCB25B032C793E2900694F0D /* Products */;
			projectDirPath = "";
			projectRoot = "";
			targets = (
				BCB25B012C793E2900694F0D /* NoteApp.ios */,
			);
		};
/* End PBXProject section */

/* Begin PBXResourcesBuildPhase section */
		BCB25B002C793E2900694F0D /* Resources */ = {
			isa = PBXResourcesBuildPhase;
			buildActionMask = 2147483647;
			files = (
				BCB25B0D2C793E2A00694F0D /* Preview Assets.xcassets in Resources */,
				BCB25B0A2C793E2A00694F0D /* Assets.xcassets in Resources */,
			);
			runOnlyForDeploymentPostprocessing = 0;
		};
/* End PBXResourcesBuildPhase section */

/* Begin PBXSourcesBuildPhase section */
		BCB25AFE2C793E2900694F0D /* Sources */ = {
			isa = PBXSourcesBuildPhase;
			buildActionMask = 2147483647;
			files = (
				BC2E79212C7A85B200020CC0 /* NoteOrder.swift in Sources */,
				BC00229D2C7BC8680082954E /* ScreenNoteList.swift in Sources */,
				BC00229F2C7BC8A20082954E /* ViewModelNoteList.swift in Sources */,
				BC0022A52C7BD4440082954E /* ViewModelAddEditNote.swift in Sources */,
				BC2E79242C7A865B00020CC0 /* OrderSection.swift in Sources */,
				BC2E791F2C7A849000020CC0 /* OrderType.swift in Sources */,
				BC2E79282C7A8BCA00020CC0 /* NoteItem.swift in Sources */,
				BC2E79182C7A820500020CC0 /* StateNoteList.swift in Sources */,
				BCB25B082C793E2900694F0D /* ContentView.swift in Sources */,
				BC0022A72C7BD58B0082954E /* ScreenAddEditNote.swift in Sources */,
				BCB25B062C793E2900694F0D /* NoteApp_iosApp.swift in Sources */,
				BC2E791C2C7A833E00020CC0 /* Note.swift in Sources */,
				BC2E79262C7A86D700020CC0 /* RadioButton.swift in Sources */,
				BC0022A32C7BD37B0082954E /* NoteTextFieldState.swift in Sources */,
				BCBB2FA22C7E691400406F9E /* ColorModel.swift in Sources */,
			);
			runOnlyForDeploymentPostprocessing = 0;
		};
/* End PBXSourcesBuildPhase section */

/* Begin XCBuildConfiguration section */
		BCB25B0E2C793E2A00694F0D /* Debug */ = {
			isa = XCBuildConfiguration;
			buildSettings = {
				ALWAYS_SEARCH_USER_PATHS = NO;
				ASSETCATALOG_COMPILER_GENERATE_SWIFT_ASSET_SYMBOL_EXTENSIONS = YES;
				CLANG_ANALYZER_NONNULL = YES;
				CLANG_ANALYZER_NUMBER_OBJECT_CONVERSION = YES_AGGRESSIVE;
				CLANG_CXX_LANGUAGE_STANDARD = "gnu++20";
				CLANG_ENABLE_MODULES = YES;
				CLANG_ENABLE_OBJC_ARC = YES;
				CLANG_ENABLE_OBJC_WEAK = YES;
				CLANG_WARN_BLOCK_CAPTURE_AUTORELEASING = YES;
				CLANG_WARN_BOOL_CONVERSION = YES;
				CLANG_WARN_COMMA = YES;
				CLANG_WARN_CONSTANT_CONVERSION = YES;
				CLANG_WARN_DEPRECATED_OBJC_IMPLEMENTATIONS = YES;
				CLANG_WARN_DIRECT_OBJC_ISA_USAGE = YES_ERROR;
				CLANG_WARN_DOCUMENTATION_COMMENTS = YES;
				CLANG_WARN_EMPTY_BODY = YES;
				CLANG_WARN_ENUM_CONVERSION = YES;
				CLANG_WARN_INFINITE_RECURSION = YES;
				CLANG_WARN_INT_CONVERSION = YES;
				CLANG_WARN_NON_LITERAL_NULL_CONVERSION = YES;
				CLANG_WARN_OBJC_IMPLICIT_RETAIN_SELF = YES;
				CLANG_WARN_OBJC_LITERAL_CONVERSION = YES;
				CLANG_WARN_OBJC_ROOT_CLASS = YES_ERROR;
				CLANG_WARN_QUOTED_INCLUDE_IN_FRAMEWORK_HEADER = YES;
				CLANG_WARN_RANGE_LOOP_ANALYSIS = YES;
				CLANG_WARN_STRICT_PROTOTYPES = YES;
				CLANG_WARN_SUSPICIOUS_MOVE = YES;
				CLANG_WARN_UNGUARDED_AVAILABILITY = YES_AGGRESSIVE;
				CLANG_WARN_UNREACHABLE_CODE = YES;
				CLANG_WARN__DUPLICATE_METHOD_MATCH = YES;
				COPY_PHASE_STRIP = NO;
				DEBUG_INFORMATION_FORMAT = dwarf;
				ENABLE_STRICT_OBJC_MSGSEND = YES;
				ENABLE_TESTABILITY = YES;
				ENABLE_USER_SCRIPT_SANDBOXING = YES;
				GCC_C_LANGUAGE_STANDARD = gnu17;
				GCC_DYNAMIC_NO_PIC = NO;
				GCC_NO_COMMON_BLOCKS = YES;
				GCC_OPTIMIZATION_LEVEL = 0;
				GCC_PREPROCESSOR_DEFINITIONS = (
					"DEBUG=1",
					"$(inherited)",
				);
				GCC_WARN_64_TO_32_BIT_CONVERSION = YES;
				GCC_WARN_ABOUT_RETURN_TYPE = YES_ERROR;
				GCC_WARN_UNDECLARED_SELECTOR = YES;
				GCC_WARN_UNINITIALIZED_AUTOS = YES_AGGRESSIVE;
				GCC_WARN_UNUSED_FUNCTION = YES;
				GCC_WARN_UNUSED_VARIABLE = YES;
				IPHONEOS_DEPLOYMENT_TARGET = 17.5;
				LOCALIZATION_PREFERS_STRING_CATALOGS = YES;
				MTL_ENABLE_DEBUG_INFO = INCLUDE_SOURCE;
				MTL_FAST_MATH = YES;
				ONLY_ACTIVE_ARCH = YES;
				SDKROOT = iphoneos;
				SWIFT_ACTIVE_COMPILATION_CONDITIONS = "DEBUG $(inherited)";
				SWIFT_OPTIMIZATION_LEVEL = "-Onone";
			};
			name = Debug;
		};
		BCB25B0F2C793E2A00694F0D /* Release */ = {
			isa = XCBuildConfiguration;
			buildSettings = {
				ALWAYS_SEARCH_USER_PATHS = NO;
				ASSETCATALOG_COMPILER_GENERATE_SWIFT_ASSET_SYMBOL_EXTENSIONS = YES;
				CLANG_ANALYZER_NONNULL = YES;
				CLANG_ANALYZER_NUMBER_OBJECT_CONVERSION = YES_AGGRESSIVE;
				CLANG_CXX_LANGUAGE_STANDARD = "gnu++20";
				CLANG_ENABLE_MODULES = YES;
				CLANG_ENABLE_OBJC_ARC = YES;
				CLANG_ENABLE_OBJC_WEAK = YES;
				CLANG_WARN_BLOCK_CAPTURE_AUTORELEASING = YES;
				CLANG_WARN_BOOL_CONVERSION = YES;
				CLANG_WARN_COMMA = YES;
				CLANG_WARN_CONSTANT_CONVERSION = YES;
				CLANG_WARN_DEPRECATED_OBJC_IMPLEMENTATIONS = YES;
				CLANG_WARN_DIRECT_OBJC_ISA_USAGE = YES_ERROR;
				CLANG_WARN_DOCUMENTATION_COMMENTS = YES;
				CLANG_WARN_EMPTY_BODY = YES;
				CLANG_WARN_ENUM_CONVERSION = YES;
				CLANG_WARN_INFINITE_RECURSION = YES;
				CLANG_WARN_INT_CONVERSION = YES;
				CLANG_WARN_NON_LITERAL_NULL_CONVERSION = YES;
				CLANG_WARN_OBJC_IMPLICIT_RETAIN_SELF = YES;
				CLANG_WARN_OBJC_LITERAL_CONVERSION = YES;
				CLANG_WARN_OBJC_ROOT_CLASS = YES_ERROR;
				CLANG_WARN_QUOTED_INCLUDE_IN_FRAMEWORK_HEADER = YES;
				CLANG_WARN_RANGE_LOOP_ANALYSIS = YES;
				CLANG_WARN_STRICT_PROTOTYPES = YES;
				CLANG_WARN_SUSPICIOUS_MOVE = YES;
				CLANG_WARN_UNGUARDED_AVAILABILITY = YES_AGGRESSIVE;
				CLANG_WARN_UNREACHABLE_CODE = YES;
				CLANG_WARN__DUPLICATE_METHOD_MATCH = YES;
				COPY_PHASE_STRIP = NO;
				DEBUG_INFORMATION_FORMAT = "dwarf-with-dsym";
				ENABLE_NS_ASSERTIONS = NO;
				ENABLE_STRICT_OBJC_MSGSEND = YES;
				ENABLE_USER_SCRIPT_SANDBOXING = YES;
				GCC_C_LANGUAGE_STANDARD = gnu17;
				GCC_NO_COMMON_BLOCKS = YES;
				GCC_WARN_64_TO_32_BIT_CONVERSION = YES;
				GCC_WARN_ABOUT_RETURN_TYPE = YES_ERROR;
				GCC_WARN_UNDECLARED_SELECTOR = YES;
				GCC_WARN_UNINITIALIZED_AUTOS = YES_AGGRESSIVE;
				GCC_WARN_UNUSED_FUNCTION = YES;
				GCC_WARN_UNUSED_VARIABLE = YES;
				IPHONEOS_DEPLOYMENT_TARGET = 17.5;
				LOCALIZATION_PREFERS_STRING_CATALOGS = YES;
				MTL_ENABLE_DEBUG_INFO = NO;
				MTL_FAST_MATH = YES;
				SDKROOT = iphoneos;
				SWIFT_COMPILATION_MODE = wholemodule;
				VALIDATE_PRODUCT = YES;
			};
			name = Release;
		};
		BCB25B112C793E2A00694F0D /* Debug */ = {
			isa = XCBuildConfiguration;
			buildSettings = {
				ASSETCATALOG_COMPILER_APPICON_NAME = AppIcon;
				ASSETCATALOG_COMPILER_GLOBAL_ACCENT_COLOR_NAME = AccentColor;
				CODE_SIGN_STYLE = Automatic;
				CURRENT_PROJECT_VERSION = 1;
				DEVELOPMENT_ASSET_PATHS = "\"NoteApp.ios/Preview Content\"";
				ENABLE_PREVIEWS = YES;
				GENERATE_INFOPLIST_FILE = YES;
				INFOPLIST_KEY_UIApplicationSceneManifest_Generation = YES;
				INFOPLIST_KEY_UIApplicationSupportsIndirectInputEvents = YES;
				INFOPLIST_KEY_UILaunchScreen_Generation = YES;
				INFOPLIST_KEY_UISupportedInterfaceOrientations_iPad = "UIInterfaceOrientationPortrait UIInterfaceOrientationPortraitUpsideDown UIInterfaceOrientationLandscapeLeft UIInterfaceOrientationLandscapeRight";
				INFOPLIST_KEY_UISupportedInterfaceOrientations_iPhone = "UIInterfaceOrientationPortrait UIInterfaceOrientationLandscapeLeft UIInterfaceOrientationLandscapeRight";
				LD_RUNPATH_SEARCH_PATHS = (
					"$(inherited)",
					"@executable_path/Frameworks",
				);
				MARKETING_VERSION = 1.0;
				PRODUCT_BUNDLE_IDENTIFIER = "com.hossain.NoteApp-ios";
				PRODUCT_NAME = "$(TARGET_NAME)";
				SWIFT_EMIT_LOC_STRINGS = YES;
				SWIFT_VERSION = 5.0;
				TARGETED_DEVICE_FAMILY = "1,2";
			};
			name = Debug;
		};
		BCB25B122C793E2A00694F0D /* Release */ = {
			isa = XCBuildConfiguration;
			buildSettings = {
				ASSETCATALOG_COMPILER_APPICON_NAME = AppIcon;
				ASSETCATALOG_COMPILER_GLOBAL_ACCENT_COLOR_NAME = AccentColor;
				CODE_SIGN_STYLE = Automatic;
				CURRENT_PROJECT_VERSION = 1;
				DEVELOPMENT_ASSET_PATHS = "\"NoteApp.ios/Preview Content\"";
				ENABLE_PREVIEWS = YES;
				GENERATE_INFOPLIST_FILE = YES;
				INFOPLIST_KEY_UIApplicationSceneManifest_Generation = YES;
				INFOPLIST_KEY_UIApplicationSupportsIndirectInputEvents = YES;
				INFOPLIST_KEY_UILaunchScreen_Generation = YES;
				INFOPLIST_KEY_UISupportedInterfaceOrientations_iPad = "UIInterfaceOrientationPortrait UIInterfaceOrientationPortraitUpsideDown UIInterfaceOrientationLandscapeLeft UIInterfaceOrientationLandscapeRight";
				INFOPLIST_KEY_UISupportedInterfaceOrientations_iPhone = "UIInterfaceOrientationPortrait UIInterfaceOrientationLandscapeLeft UIInterfaceOrientationLandscapeRight";
				LD_RUNPATH_SEARCH_PATHS = (
					"$(inherited)",
					"@executable_path/Frameworks",
				);
				MARKETING_VERSION = 1.0;
				PRODUCT_BUNDLE_IDENTIFIER = "com.hossain.NoteApp-ios";
				PRODUCT_NAME = "$(TARGET_NAME)";
				SWIFT_EMIT_LOC_STRINGS = YES;
				SWIFT_VERSION = 5.0;
				TARGETED_DEVICE_FAMILY = "1,2";
			};
			name = Release;
		};
/* End XCBuildConfiguration section */

/* Begin XCConfigurationList section */
		BCB25AFD2C793E2900694F0D /* Build configuration list for PBXProject "NoteApp.ios" */ = {
			isa = XCConfigurationList;
			buildConfigurations = (
				BCB25B0E2C793E2A00694F0D /* Debug */,
				BCB25B0F2C793E2A00694F0D /* Release */,
			);
			defaultConfigurationIsVisible = 0;
			defaultConfigurationName = Release;
		};
		BCB25B102C793E2A00694F0D /* Build configuration list for PBXNativeTarget "NoteApp.ios" */ = {
			isa = XCConfigurationList;
			buildConfigurations = (
				BCB25B112C793E2A00694F0D /* Debug */,
				BCB25B122C793E2A00694F0D /* Release */,
			);
			defaultConfigurationIsVisible = 0;
			defaultConfigurationName = Release;
		};
/* End XCConfigurationList section */
	};
	rootObject = BCB25AFA2C793E2900694F0D /* Project object */;
}
